
Microsoft Visual Studio Solution File, Format Version 12.00
# Visual Studio 15
VisualStudioVersion = 15.0.27004.2005
MinimumVisualStudioVersion = 10.0.40219.1
Project("{FAE04EC0-301F-11D3-BF4B-00C04F79EFBC}") = "4InARowWCFService", "4InARowWCFService\4InARowWCFService.csproj", "{B52C5BB1-8FAD-40BD-B290-007AA926DBBB}"
EndProject
Global
	GlobalSection(SolutionConfigurationPlatforms) = preSolution
		Debug|Any CPU = Debug|Any CPU
		Release|Any CPU = Release|Any CPU
	EndGlobalSection
	GlobalSection(ProjectConfigurationPlatforms) = postSolution
		{B52C5BB1-8FAD-40BD-B290-007AA926DBBB}.Debug|Any CPU.ActiveCfg = Debug|Any CPU
		{B52C5BB1-8FAD-40BD-B290-007AA926DBBB}.Debug|Any CPU.Build.0 = Debug|Any CPU
		{B52C5BB1-8FAD-40BD-B290-007AA926DBBB}.Release|Any CPU.ActiveCfg = Release|Any CPU
		{B52C5BB1-8FAD-40BD-B290-007AA926DBBB}.Release|Any CPU.Build.0 = Release|Any CPU
	EndGlobalSection
	GlobalSection(SolutionProperties) = preSolution
		HideSolutionNode = FALSE
	EndGlobalSection
	GlobalSection(ExtensibilityGlobals) = postSolution
		SolutionGuid = {ACD2581F-7C81-49F4-BE3A-421127A56B15}
	EndGlobalSection
EndGlobal
